
Microsoft Visual Studio Solution File, Format Version 12.00
# Visual Studio 15
VisualStudioVersion = 15.0.26124.0
MinimumVisualStudioVersion = 15.0.26124.0
Project("{FAE04EC0-301F-11D3-BF4B-00C04F79EFBC}") = "Domain", "Domain\Domain.csproj", "{9C8CDB86-6E45-458C-9233-DB0AB5555224}"
EndProject
Project("{FAE04EC0-301F-11D3-BF4B-00C04F79EFBC}") = "API", "API\API.csproj", "{DCCAE3D0-EF22-43F1-89A2-E381AC6F7A7F}"
EndProject
Project("{FAE04EC0-301F-11D3-BF4B-00C04F79EFBC}") = "Application", "Application\Application.csproj", "{C9310093-A000-41C9-A1DA-7BDA2068488C}"
EndProject
Project("{FAE04EC0-301F-11D3-BF4B-00C04F79EFBC}") = "Persistence", "Persistence\Persistence.csproj", "{AECA9C32-041D-48CF-B2EC-A80F45A3ACE0}"
EndProject
Global
	GlobalSection(SolutionConfigurationPlatforms) = preSolution
		Debug|Any CPU = Debug|Any CPU
		Debug|x64 = Debug|x64
		Debug|x86 = Debug|x86
		Release|Any CPU = Release|Any CPU
		Release|x64 = Release|x64
		Release|x86 = Release|x86
	EndGlobalSection
	GlobalSection(SolutionProperties) = preSolution
		HideSolutionNode = FALSE
	EndGlobalSection
	GlobalSection(ProjectConfigurationPlatforms) = postSolution
		{9C8CDB86-6E45-458C-9233-DB0AB5555224}.Debug|Any CPU.ActiveCfg = Debug|Any CPU
		{9C8CDB86-6E45-458C-9233-DB0AB5555224}.Debug|Any CPU.Build.0 = Debug|Any CPU
		{9C8CDB86-6E45-458C-9233-DB0AB5555224}.Debug|x64.ActiveCfg = Debug|Any CPU
		{9C8CDB86-6E45-458C-9233-DB0AB5555224}.Debug|x64.Build.0 = Debug|Any CPU
		{9C8CDB86-6E45-458C-9233-DB0AB5555224}.Debug|x86.ActiveCfg = Debug|Any CPU
		{9C8CDB86-6E45-458C-9233-DB0AB5555224}.Debug|x86.Build.0 = Debug|Any CPU
		{9C8CDB86-6E45-458C-9233-DB0AB5555224}.Release|Any CPU.ActiveCfg = Release|Any CPU
		{9C8CDB86-6E45-458C-9233-DB0AB5555224}.Release|Any CPU.Build.0 = Release|Any CPU
		{9C8CDB86-6E45-458C-9233-DB0AB5555224}.Release|x64.ActiveCfg = Release|Any CPU
		{9C8CDB86-6E45-458C-9233-DB0AB5555224}.Release|x64.Build.0 = Release|Any CPU
		{9C8CDB86-6E45-458C-9233-DB0AB5555224}.Release|x86.ActiveCfg = Release|Any CPU
		{9C8CDB86-6E45-458C-9233-DB0AB5555224}.Release|x86.Build.0 = Release|Any CPU
		{DCCAE3D0-EF22-43F1-89A2-E381AC6F7A7F}.Debug|Any CPU.ActiveCfg = Debug|Any CPU
		{DCCAE3D0-EF22-43F1-89A2-E381AC6F7A7F}.Debug|Any CPU.Build.0 = Debug|Any CPU
		{DCCAE3D0-EF22-43F1-89A2-E381AC6F7A7F}.Debug|x64.ActiveCfg = Debug|Any CPU
		{DCCAE3D0-EF22-43F1-89A2-E381AC6F7A7F}.Debug|x64.Build.0 = Debug|Any CPU
		{DCCAE3D0-EF22-43F1-89A2-E381AC6F7A7F}.Debug|x86.ActiveCfg = Debug|Any CPU
		{DCCAE3D0-EF22-43F1-89A2-E381AC6F7A7F}.Debug|x86.Build.0 = Debug|Any CPU
		{DCCAE3D0-EF22-43F1-89A2-E381AC6F7A7F}.Release|Any CPU.ActiveCfg = Release|Any CPU
		{DCCAE3D0-EF22-43F1-89A2-E381AC6F7A7F}.Release|Any CPU.Build.0 = Release|Any CPU
		{DCCAE3D0-EF22-43F1-89A2-E381AC6F7A7F}.Release|x64.ActiveCfg = Release|Any CPU
		{DCCAE3D0-EF22-43F1-89A2-E381AC6F7A7F}.Release|x64.Build.0 = Release|Any CPU
		{DCCAE3D0-EF22-43F1-89A2-E381AC6F7A7F}.Release|x86.ActiveCfg = Release|Any CPU
		{DCCAE3D0-EF22-43F1-89A2-E381AC6F7A7F}.Release|x86.Build.0 = Release|Any CPU
		{C9310093-A000-41C9-A1DA-7BDA2068488C}.Debug|Any CPU.ActiveCfg = Debug|Any CPU
		{C9310093-A000-41C9-A1DA-7BDA2068488C}.Debug|Any CPU.Build.0 = Debug|Any CPU
		{C9310093-A000-41C9-A1DA-7BDA2068488C}.Debug|x64.ActiveCfg = Debug|Any CPU
		{C9310093-A000-41C9-A1DA-7BDA2068488C}.Debug|x64.Build.0 = Debug|Any CPU
		{C9310093-A000-41C9-A1DA-7BDA2068488C}.Debug|x86.ActiveCfg = Debug|Any CPU
		{C9310093-A000-41C9-A1DA-7BDA2068488C}.Debug|x86.Build.0 = Debug|Any CPU
		{C9310093-A000-41C9-A1DA-7BDA2068488C}.Release|Any CPU.ActiveCfg = Release|Any CPU
		{C9310093-A000-41C9-A1DA-7BDA2068488C}.Release|Any CPU.Build.0 = Release|Any CPU
		{C9310093-A000-41C9-A1DA-7BDA2068488C}.Release|x64.ActiveCfg = Release|Any CPU
		{C9310093-A000-41C9-A1DA-7BDA2068488C}.Release|x64.Build.0 = Release|Any CPU
		{C9310093-A000-41C9-A1DA-7BDA2068488C}.Release|x86.ActiveCfg = Release|Any CPU
		{C9310093-A000-41C9-A1DA-7BDA2068488C}.Release|x86.Build.0 = Release|Any CPU
		{AECA9C32-041D-48CF-B2EC-A80F45A3ACE0}.Debug|Any CPU.ActiveCfg = Debug|Any CPU
		{AECA9C32-041D-48CF-B2EC-A80F45A3ACE0}.Debug|Any CPU.Build.0 = Debug|Any CPU
		{AECA9C32-041D-48CF-B2EC-A80F45A3ACE0}.Debug|x64.ActiveCfg = Debug|Any CPU
		{AECA9C32-041D-48CF-B2EC-A80F45A3ACE0}.Debug|x64.Build.0 = Debug|Any CPU
		{AECA9C32-041D-48CF-B2EC-A80F45A3ACE0}.Debug|x86.ActiveCfg = Debug|Any CPU
		{AECA9C32-041D-48CF-B2EC-A80F45A3ACE0}.Debug|x86.Build.0 = Debug|Any CPU
		{AECA9C32-041D-48CF-B2EC-A80F45A3ACE0}.Release|Any CPU.ActiveCfg = Release|Any CPU
		{AECA9C32-041D-48CF-B2EC-A80F45A3ACE0}.Release|Any CPU.Build.0 = Release|Any CPU
		{AECA9C32-041D-48CF-B2EC-A80F45A3ACE0}.Release|x64.ActiveCfg = Release|Any CPU
		{AECA9C32-041D-48CF-B2EC-A80F45A3ACE0}.Release|x64.Build.0 = Release|Any CPU
		{AECA9C32-041D-48CF-B2EC-A80F45A3ACE0}.Release|x86.ActiveCfg = Release|Any CPU
		{AECA9C32-041D-48CF-B2EC-A80F45A3ACE0}.Release|x86.Build.0 = Release|Any CPU
	EndGlobalSection
EndGlobal
